
Microsoft Visual Studio Solution File, Format Version 12.00
# Visual Studio Version 16
VisualStudioVersion = 16.0.30309.148
MinimumVisualStudioVersion = 10.0.40219.1
Project("{FAE04EC0-301F-11D3-BF4B-00C04F79EFBC}") = "UserRegistration", "UserRegistration\UserRegistration.csproj", "{D3A197F0-F552-4067-A061-A3445D0CD42E}"
EndProject
Project("{FAE04EC0-301F-11D3-BF4B-00C04F79EFBC}") = "UserRegistrationTest", "UserRegistrationTest\UserRegistrationTest.csproj", "{2D711B13-A759-4A81-AAB8-3C8BC1824117}"
EndProject
Global
	GlobalSection(SolutionConfigurationPlatforms) = preSolution
		Debug|Any CPU = Debug|Any CPU
		Release|Any CPU = Release|Any CPU
	EndGlobalSection
	GlobalSection(ProjectConfigurationPlatforms) = postSolution
		{D3A197F0-F552-4067-A061-A3445D0CD42E}.Debug|Any CPU.ActiveCfg = Debug|Any CPU
		{D3A197F0-F552-4067-A061-A3445D0CD42E}.Debug|Any CPU.Build.0 = Debug|Any CPU
		{D3A197F0-F552-4067-A061-A3445D0CD42E}.Release|Any CPU.ActiveCfg = Release|Any CPU
		{D3A197F0-F552-4067-A061-A3445D0CD42E}.Release|Any CPU.Build.0 = Release|Any CPU
		{2D711B13-A759-4A81-AAB8-3C8BC1824117}.Debug|Any CPU.ActiveCfg = Debug|Any CPU
		{2D711B13-A759-4A81-AAB8-3C8BC1824117}.Debug|Any CPU.Build.0 = Debug|Any CPU
		{2D711B13-A759-4A81-AAB8-3C8BC1824117}.Release|Any CPU.ActiveCfg = Release|Any CPU
		{2D711B13-A759-4A81-AAB8-3C8BC1824117}.Release|Any CPU.Build.0 = Release|Any CPU
	EndGlobalSection
	GlobalSection(SolutionProperties) = preSolution
		HideSolutionNode = FALSE
	EndGlobalSection
	GlobalSection(ExtensibilityGlobals) = postSolution
		SolutionGuid = {8D47CECC-533F-4D1C-BF30-20ED1304B090}
	EndGlobalSection
EndGlobal
